
Microsoft Visual Studio Solution File, Format Version 12.00
# Visual Studio Version 16
VisualStudioVersion = 16.0.30225.117
MinimumVisualStudioVersion = 10.0.40219.1
Project("{FAE04EC0-301F-11D3-BF4B-00C04F79EFBC}") = "Budget Manager", "Budget Manager\Budget Manager.csproj", "{AF861D10-5987-4BA1-BA92-2F5908C9BD0C}"
EndProject
Global
	GlobalSection(SolutionConfigurationPlatforms) = preSolution
		Debug|Any CPU = Debug|Any CPU
		Release|Any CPU = Release|Any CPU
	EndGlobalSection
	GlobalSection(ProjectConfigurationPlatforms) = postSolution
		{AF861D10-5987-4BA1-BA92-2F5908C9BD0C}.Debug|Any CPU.ActiveCfg = Debug|Any CPU
		{AF861D10-5987-4BA1-BA92-2F5908C9BD0C}.Debug|Any CPU.Build.0 = Debug|Any CPU
		{AF861D10-5987-4BA1-BA92-2F5908C9BD0C}.Release|Any CPU.ActiveCfg = Release|Any CPU
		{AF861D10-5987-4BA1-BA92-2F5908C9BD0C}.Release|Any CPU.Build.0 = Release|Any CPU
	EndGlobalSection
	GlobalSection(SolutionProperties) = preSolution
		HideSolutionNode = FALSE
	EndGlobalSection
	GlobalSection(ExtensibilityGlobals) = postSolution
		SolutionGuid = {C8BAE21A-6AA7-4860-B742-AD9155EDE3E7}
	EndGlobalSection
EndGlobal
